{
  "name": "factura-vanillajs",
  "version": "1.0.0",
  "lockfileVersion": 2,
  "requires": true,
  "packages": {
    "": {
      "name": "factura-vanillajs",
      "version": "1.0.0",
      "license": "ISC",
      "dependencies": {
        "jspdf-autotable": "^3.5.23"
      }
    },
    "node_modules/jspdf-autotable": {
      "version": "3.5.23",
      "resolved": "https://registry.npmjs.org/jspdf-autotable/-/jspdf-autotable-3.5.23.tgz",
      "integrity": "sha512-uIYxQsdKrDdbhygEFlbTVoaxawZMZXMasAOryQ1oMFTragcxLhhWIfc8peLCBXuB7fJ5SICtPZ2De7Pk7eS8SQ==",
      "peerDependencies": {
        "jspdf": "^2.3.1"
      }
    }
  },
  "dependencies": {
    "jspdf-autotable": {
      "version": "3.5.23",
      "resolved": "https://registry.npmjs.org/jspdf-autotable/-/jspdf-autotable-3.5.23.tgz",
      "integrity": "sha512-uIYxQsdKrDdbhygEFlbTVoaxawZMZXMasAOryQ1oMFTragcxLhhWIfc8peLCBXuB7fJ5SICtPZ2De7Pk7eS8SQ=="
    }
  }
}
